{
  "object": {
    "pins": [
      {
        "package": "ProgressUtilityKit",
        "repositoryURL": "https://github.com/devahmedshendy/ProgressUtilityKit.git",
        "state": {
          "branch": null,
          "revision": "355a1eed27be0b116b18ac3e57e8ffc7e2cb0c92",
          "version": "0.0.9"
        }
      }
    ]
  },
  "version": 1
}
